
Microsoft Visual Studio Solution File, Format Version 12.00
# Visual Studio Version 16
VisualStudioVersion = 16.0.29911.84
MinimumVisualStudioVersion = 10.0.40219.1
Project("{FAE04EC0-301F-11D3-BF4B-00C04F79EFBC}") = "Aviadispetcher", "Aviadispetcher.csproj", "{4D2D0518-F832-4C9C-BD90-8CFA2443325A}"
EndProject
Global
	GlobalSection(SolutionConfigurationPlatforms) = preSolution
		Debug|Any CPU = Debug|Any CPU
		Release|Any CPU = Release|Any CPU
	EndGlobalSection
	GlobalSection(ProjectConfigurationPlatforms) = postSolution
		{4D2D0518-F832-4C9C-BD90-8CFA2443325A}.Debug|Any CPU.ActiveCfg = Debug|Any CPU
		{4D2D0518-F832-4C9C-BD90-8CFA2443325A}.Debug|Any CPU.Build.0 = Debug|Any CPU
		{4D2D0518-F832-4C9C-BD90-8CFA2443325A}.Release|Any CPU.ActiveCfg = Release|Any CPU
		{4D2D0518-F832-4C9C-BD90-8CFA2443325A}.Release|Any CPU.Build.0 = Release|Any CPU
	EndGlobalSection
	GlobalSection(SolutionProperties) = preSolution
		HideSolutionNode = FALSE
	EndGlobalSection
	GlobalSection(ExtensibilityGlobals) = postSolution
		SolutionGuid = {25C433F5-C03E-4226-AB82-3A2F6C0CB161}
	EndGlobalSection
EndGlobal
